
Microsoft Visual Studio Solution File, Format Version 12.00
# Visual Studio Version 16
VisualStudioVersion = 16.0.30320.27
MinimumVisualStudioVersion = 10.0.40219.1
Project("{9A19103F-16F7-4668-BE54-9A1E7A4F7556}") = "CipherDecryption", "ShiftCipherBreaker\CipherDecryption.csproj", "{61228895-E800-43D1-BB21-F158684884D4}"
EndProject
Global
	GlobalSection(SolutionConfigurationPlatforms) = preSolution
		Debug|Any CPU = Debug|Any CPU
		Release|Any CPU = Release|Any CPU
	EndGlobalSection
	GlobalSection(ProjectConfigurationPlatforms) = postSolution
		{61228895-E800-43D1-BB21-F158684884D4}.Debug|Any CPU.ActiveCfg = Debug|Any CPU
		{61228895-E800-43D1-BB21-F158684884D4}.Debug|Any CPU.Build.0 = Debug|Any CPU
		{61228895-E800-43D1-BB21-F158684884D4}.Release|Any CPU.ActiveCfg = Release|Any CPU
		{61228895-E800-43D1-BB21-F158684884D4}.Release|Any CPU.Build.0 = Release|Any CPU
	EndGlobalSection
	GlobalSection(SolutionProperties) = preSolution
		HideSolutionNode = FALSE
	EndGlobalSection
	GlobalSection(ExtensibilityGlobals) = postSolution
		SolutionGuid = {1C1569B7-206B-4B83-AFD4-64BF27D09362}
	EndGlobalSection
EndGlobal
