
Microsoft Visual Studio Solution File, Format Version 12.00
# Visual Studio Version 16
VisualStudioVersion = 16.0.30320.27
MinimumVisualStudioVersion = 10.0.40219.1
Project("{9A19103F-16F7-4668-BE54-9A1E7A4F7556}") = "CipherDecryption", "CipherDecryption.csproj", "{3DC2F429-070D-4E3B-A938-D2EB86F68C32}"
EndProject
Global
	GlobalSection(SolutionConfigurationPlatforms) = preSolution
		Debug|Any CPU = Debug|Any CPU
		Release|Any CPU = Release|Any CPU
	EndGlobalSection
	GlobalSection(ProjectConfigurationPlatforms) = postSolution
		{3DC2F429-070D-4E3B-A938-D2EB86F68C32}.Debug|Any CPU.ActiveCfg = Debug|Any CPU
		{3DC2F429-070D-4E3B-A938-D2EB86F68C32}.Debug|Any CPU.Build.0 = Debug|Any CPU
		{3DC2F429-070D-4E3B-A938-D2EB86F68C32}.Release|Any CPU.ActiveCfg = Release|Any CPU
		{3DC2F429-070D-4E3B-A938-D2EB86F68C32}.Release|Any CPU.Build.0 = Release|Any CPU
	EndGlobalSection
	GlobalSection(SolutionProperties) = preSolution
		HideSolutionNode = FALSE
	EndGlobalSection
	GlobalSection(ExtensibilityGlobals) = postSolution
		SolutionGuid = {34067DE2-5974-43B3-AC12-A8DEA5FB2C7F}
	EndGlobalSection
EndGlobal
